
Microsoft Visual Studio Solution File, Format Version 12.00
# Visual Studio Version 16
VisualStudioVersion = 16.0.31829.152
MinimumVisualStudioVersion = 10.0.40219.1
Project("{FAE04EC0-301F-11D3-BF4B-00C04F79EFBC}") = "KoshiTask_lab_4", "KoshiTask_lab_4.csproj", "{B7585C21-1DC5-474E-82F5-91E0713BA48E}"
EndProject
Global
	GlobalSection(SolutionConfigurationPlatforms) = preSolution
		Debug|Any CPU = Debug|Any CPU
		Release|Any CPU = Release|Any CPU
	EndGlobalSection
	GlobalSection(ProjectConfigurationPlatforms) = postSolution
		{B7585C21-1DC5-474E-82F5-91E0713BA48E}.Debug|Any CPU.ActiveCfg = Debug|Any CPU
		{B7585C21-1DC5-474E-82F5-91E0713BA48E}.Debug|Any CPU.Build.0 = Debug|Any CPU
		{B7585C21-1DC5-474E-82F5-91E0713BA48E}.Release|Any CPU.ActiveCfg = Release|Any CPU
		{B7585C21-1DC5-474E-82F5-91E0713BA48E}.Release|Any CPU.Build.0 = Release|Any CPU
	EndGlobalSection
	GlobalSection(SolutionProperties) = preSolution
		HideSolutionNode = FALSE
	EndGlobalSection
	GlobalSection(ExtensibilityGlobals) = postSolution
		SolutionGuid = {A64B88C4-82DE-4F13-9147-68350FD6783F}
	EndGlobalSection
EndGlobal
